
Microsoft Visual Studio Solution File, Format Version 12.00
# Visual Studio Version 17
VisualStudioVersion = 17.6.33723.286
MinimumVisualStudioVersion = 10.0.40219.1
Project("{9A19103F-16F7-4668-BE54-9A1E7A4F7556}") = "StockPlusPlus.API", "StockPlusPlus.API\StockPlusPlus.API.csproj", "{55183F24-9642-44F3-B930-D547980F3E97}"
EndProject
Project("{9A19103F-16F7-4668-BE54-9A1E7A4F7556}") = "StockPlusPlus.Shared", "StockPlusPlus.Shared\StockPlusPlus.Shared.csproj", "{5E6AAA85-E011-43A6-A15A-A139F5F5E7F8}"
EndProject
Project("{9A19103F-16F7-4668-BE54-9A1E7A4F7556}") = "StockPlusPlus.Data", "StockPlusPlus.Data\StockPlusPlus.Data.csproj", "{2B356D62-C41F-4575-A67D-2A10EF32D348}"
EndProject
Project("{9A19103F-16F7-4668-BE54-9A1E7A4F7556}") = "StockPlusPlus.Web", "StockPlusPlus.Web\StockPlusPlus.Web.csproj", "{656427A0-3E14-4C43-B69B-0F259EDE18F5}"
EndProject
Project("{2150E333-8FDC-42A3-9474-1A3956D46DE8}") = "ShiftFramework", "ShiftFramework", "{6B5137B3-F21C-483E-B131-54706EE91D55}"
	ProjectSection(SolutionItems) = preProject
		..\..\azure-pipeline.yml = ..\..\azure-pipeline.yml
		..\..\ImportAndReferenceAll.bat = ..\..\ImportAndReferenceAll.bat
		..\..\RemoveAll.bat = ..\..\RemoveAll.bat
		..\..\ShiftFrameworkGlobalSettings.props = ..\..\ShiftFrameworkGlobalSettings.props
		..\..\template-versions.ps1 = ..\..\template-versions.ps1
	EndProjectSection
EndProject
Project("{9A19103F-16F7-4668-BE54-9A1E7A4F7556}") = "StockPlusPlus.Functions", "StockPlusPlus.Functions\StockPlusPlus.Functions.csproj", "{D781393E-1509-4ABC-BEA2-404A3F829548}"
EndProject
Project("{9A19103F-16F7-4668-BE54-9A1E7A4F7556}") = "StockPlusPlus.Test", "StockPlusPlus.Test\StockPlusPlus.Test.csproj", "{FDF7449B-ED4F-44C7-8B2A-956CF45E337D}"
EndProject
Project("{2150E333-8FDC-42A3-9474-1A3956D46DE8}") = "ShiftEntity", "ShiftEntity", "{221AA4A6-F48E-4605-90FC-ACCE31C9397D}"
EndProject
Project("{9A19103F-16F7-4668-BE54-9A1E7A4F7556}") = "ShiftEntity.Model", "..\..\..\ShiftEntity\ShiftEntity.Model\ShiftEntity.Model.csproj", "{B0353BF9-2018-48B0-AEA5-4FC3A5225F93}"
EndProject
Project("{9A19103F-16F7-4668-BE54-9A1E7A4F7556}") = "ShiftEntity.Core", "..\..\..\ShiftEntity\ShiftEntity.Core\ShiftEntity.Core.csproj", "{DD2654E7-C46E-4112-A453-039005BBBD30}"
EndProject
Project("{9A19103F-16F7-4668-BE54-9A1E7A4F7556}") = "ShiftEntity.Web", "..\..\..\ShiftEntity\ShiftEntity.Web\ShiftEntity.Web.csproj", "{AF40C49F-2AD3-436D-B730-41F5F931D1CA}"
EndProject
Project("{9A19103F-16F7-4668-BE54-9A1E7A4F7556}") = "ShiftEntity.EFCore", "..\..\..\ShiftEntity\ShiftEntity.EFCore\ShiftEntity.EFCore.csproj", "{30B28AC2-8CB0-45D7-AD5A-51914178971E}"
EndProject
Project("{9A19103F-16F7-4668-BE54-9A1E7A4F7556}") = "ShiftEntity.CosmosDbReplication", "..\..\..\ShiftEntity\ShiftEntity.CosmosDbReplication\ShiftEntity.CosmosDbReplication.csproj", "{466D04A7-5091-4749-81DE-1368B700387C}"
EndProject
Project("{9A19103F-16F7-4668-BE54-9A1E7A4F7556}") = "ShiftEntity.Print", "..\..\..\ShiftEntity\ShiftEntity.Print\ShiftEntity.Print.csproj", "{6B77774B-52DB-43BF-BE14-7D43F87B1878}"
EndProject
Project("{2150E333-8FDC-42A3-9474-1A3956D46DE8}") = "ShiftBlazor", "ShiftBlazor", "{1910940D-D140-4B3F-A2F5-6D322EFAC152}"
EndProject
Project("{9A19103F-16F7-4668-BE54-9A1E7A4F7556}") = "ShiftBlazor", "..\..\..\ShiftBlazor\ShiftBlazor\ShiftBlazor.csproj", "{744DA0F0-87B2-438A-A729-BAED65C9B780}"
EndProject
Project("{2150E333-8FDC-42A3-9474-1A3956D46DE8}") = "TypeAuth", "TypeAuth", "{40E199E8-B4F0-4E38-9431-BAAD775F1FCD}"
EndProject
Project("{9A19103F-16F7-4668-BE54-9A1E7A4F7556}") = "TypeAuth.Core", "..\..\..\TypeAuth\TypeAuth.Core\TypeAuth.Core.csproj", "{F048C862-4F52-456A-8162-6C18695D6BEB}"
EndProject
Project("{9A19103F-16F7-4668-BE54-9A1E7A4F7556}") = "TypeAuth.Blazor", "..\..\..\TypeAuth\TypeAuth.Blazor\TypeAuth.Blazor.csproj", "{03C8FE01-EDEA-4396-9A2B-8FC52B4143C4}"
EndProject
Project("{9A19103F-16F7-4668-BE54-9A1E7A4F7556}") = "TypeAuth.AspNetCore", "..\..\..\TypeAuth\TypeAuth.AspNetCore\TypeAuth.AspNetCore.csproj", "{1D42FA18-B5E6-48DF-AE55-2D9FBD8DF1B4}"
EndProject
Project("{2150E333-8FDC-42A3-9474-1A3956D46DE8}") = "ShiftIdentity", "ShiftIdentity", "{628E8BC1-C04D-4681-90A3-5CD4DF6A4003}"
EndProject
Project("{9A19103F-16F7-4668-BE54-9A1E7A4F7556}") = "ShiftIdentity.Core", "..\..\..\ShiftIdentity\ShiftIdentity.Core\ShiftIdentity.Core.csproj", "{0268A80E-1AFF-4726-AF95-E09A08A497AD}"
EndProject
Project("{9A19103F-16F7-4668-BE54-9A1E7A4F7556}") = "ShiftIdentity.Data", "..\..\..\ShiftIdentity\ShiftIdentity.Data\ShiftIdentity.Data.csproj", "{754EAA8C-D40E-4539-B9C1-A37205415249}"
EndProject
Project("{9A19103F-16F7-4668-BE54-9A1E7A4F7556}") = "ShiftIdentity.AspNetCore", "..\..\..\ShiftIdentity\ShiftIdentity.AspNetCore\ShiftIdentity.AspNetCore.csproj", "{2595ECFF-BBF0-4AF8-A4BC-64C77D43EC0A}"
EndProject
Project("{9A19103F-16F7-4668-BE54-9A1E7A4F7556}") = "ShiftIdentity.Blazor", "..\..\..\ShiftIdentity\ShiftIdentity.Blazor\ShiftIdentity.Blazor.csproj", "{BBA49649-31BA-46E6-8C07-82F54F423EFD}"
EndProject
Project("{9A19103F-16F7-4668-BE54-9A1E7A4F7556}") = "ShiftIdentity.Dashboard.AspNetCore", "..\..\..\ShiftIdentity\ShiftIdentity.Dashboard.AspNetCore\ShiftIdentity.Dashboard.AspNetCore.csproj", "{1D7E947D-BC5C-478E-9B05-00AAAFB5B4B7}"
EndProject
Project("{9A19103F-16F7-4668-BE54-9A1E7A4F7556}") = "ShiftIdentity.Dashboard.Blazor", "..\..\..\ShiftIdentity\ShiftIdentity.Dashboard.Blazor\ShiftIdentity.Dashboard.Blazor.csproj", "{67BCA632-8340-4F22-902F-C8AB66B62EB2}"
EndProject
Project("{2150E333-8FDC-42A3-9474-1A3956D46DE8}") = "TestingTools", "TestingTools", "{CCFF169C-5913-4709-B3A9-CC543DB7E1FD}"
EndProject
Project("{9A19103F-16F7-4668-BE54-9A1E7A4F7556}") = "ShiftFrameworkTestingTools", "..\..\..\ShiftFrameworkTestingTools\ShiftFrameworkTestingTools\ShiftFrameworkTestingTools.csproj", "{0F5B91B4-C98B-4A74-BDE1-1CE7B84D4693}"
EndProject
Project("{2150E333-8FDC-42A3-9474-1A3956D46DE8}") = "AzureFunctionsAspNetCoreAuthorization", "AzureFunctionsAspNetCoreAuthorization", "{271A2AA2-3F44-4050-8A2C-92B2E4D6D1FF}"
EndProject
Project("{9A19103F-16F7-4668-BE54-9A1E7A4F7556}") = "ShiftSoftware.Azure.Functions.AspNetCore.Authorization", "..\..\..\AzureFunctionsAspNetCoreAuthorization\ShiftSoftware.Azure.Functions.AspNetCore.Authorization\ShiftSoftware.Azure.Functions.AspNetCore.Authorization.csproj", "{5C7A1141-89EB-473A-8595-C6C8DBF7F233}"
EndProject
Project("{9A19103F-16F7-4668-BE54-9A1E7A4F7556}") = "ShiftEntity.Functions", "..\..\..\ShiftEntity\ShiftEntity.Functions\ShiftEntity.Functions.csproj", "{5B117C1F-88F6-4B06-9ADE-C39A47EFAF58}"
EndProject
Project("{2150E333-8FDC-42A3-9474-1A3956D46DE8}") = "Localization", "Localization", "{4D85A86A-821A-4F93-B525-E3C22360EFC1}"
EndProject
Project("{9A19103F-16F7-4668-BE54-9A1E7A4F7556}") = "ShiftSoftwareLocalization", "..\..\..\ShiftFrameworkLocalization\ShiftSoftwareLocalization\ShiftSoftwareLocalization.csproj", "{AF49ADB4-B36C-476B-AF0C-BC9277FFA8AF}"
EndProject
Global
	GlobalSection(SolutionConfigurationPlatforms) = preSolution
		Debug|Any CPU = Debug|Any CPU
		Release|Any CPU = Release|Any CPU
	EndGlobalSection
	GlobalSection(ProjectConfigurationPlatforms) = postSolution
		{55183F24-9642-44F3-B930-D547980F3E97}.Debug|Any CPU.ActiveCfg = Debug|Any CPU
		{55183F24-9642-44F3-B930-D547980F3E97}.Debug|Any CPU.Build.0 = Debug|Any CPU
		{55183F24-9642-44F3-B930-D547980F3E97}.Release|Any CPU.ActiveCfg = Release|Any CPU
		{55183F24-9642-44F3-B930-D547980F3E97}.Release|Any CPU.Build.0 = Release|Any CPU
		{5E6AAA85-E011-43A6-A15A-A139F5F5E7F8}.Debug|Any CPU.ActiveCfg = Debug|Any CPU
		{5E6AAA85-E011-43A6-A15A-A139F5F5E7F8}.Debug|Any CPU.Build.0 = Debug|Any CPU
		{5E6AAA85-E011-43A6-A15A-A139F5F5E7F8}.Release|Any CPU.ActiveCfg = Release|Any CPU
		{5E6AAA85-E011-43A6-A15A-A139F5F5E7F8}.Release|Any CPU.Build.0 = Release|Any CPU
		{2B356D62-C41F-4575-A67D-2A10EF32D348}.Debug|Any CPU.ActiveCfg = Debug|Any CPU
		{2B356D62-C41F-4575-A67D-2A10EF32D348}.Debug|Any CPU.Build.0 = Debug|Any CPU
		{2B356D62-C41F-4575-A67D-2A10EF32D348}.Release|Any CPU.ActiveCfg = Release|Any CPU
		{2B356D62-C41F-4575-A67D-2A10EF32D348}.Release|Any CPU.Build.0 = Release|Any CPU
		{656427A0-3E14-4C43-B69B-0F259EDE18F5}.Debug|Any CPU.ActiveCfg = Debug|Any CPU
		{656427A0-3E14-4C43-B69B-0F259EDE18F5}.Debug|Any CPU.Build.0 = Debug|Any CPU
		{656427A0-3E14-4C43-B69B-0F259EDE18F5}.Release|Any CPU.ActiveCfg = Release|Any CPU
		{656427A0-3E14-4C43-B69B-0F259EDE18F5}.Release|Any CPU.Build.0 = Release|Any CPU
		{D781393E-1509-4ABC-BEA2-404A3F829548}.Debug|Any CPU.ActiveCfg = Debug|Any CPU
		{D781393E-1509-4ABC-BEA2-404A3F829548}.Debug|Any CPU.Build.0 = Debug|Any CPU
		{D781393E-1509-4ABC-BEA2-404A3F829548}.Release|Any CPU.ActiveCfg = Release|Any CPU
		{D781393E-1509-4ABC-BEA2-404A3F829548}.Release|Any CPU.Build.0 = Release|Any CPU
		{FDF7449B-ED4F-44C7-8B2A-956CF45E337D}.Debug|Any CPU.ActiveCfg = Debug|Any CPU
		{FDF7449B-ED4F-44C7-8B2A-956CF45E337D}.Debug|Any CPU.Build.0 = Debug|Any CPU
		{FDF7449B-ED4F-44C7-8B2A-956CF45E337D}.Release|Any CPU.ActiveCfg = Release|Any CPU
		{FDF7449B-ED4F-44C7-8B2A-956CF45E337D}.Release|Any CPU.Build.0 = Release|Any CPU
		{B0353BF9-2018-48B0-AEA5-4FC3A5225F93}.Debug|Any CPU.ActiveCfg = Debug|Any CPU
		{B0353BF9-2018-48B0-AEA5-4FC3A5225F93}.Debug|Any CPU.Build.0 = Debug|Any CPU
		{B0353BF9-2018-48B0-AEA5-4FC3A5225F93}.Release|Any CPU.ActiveCfg = Release|Any CPU
		{B0353BF9-2018-48B0-AEA5-4FC3A5225F93}.Release|Any CPU.Build.0 = Release|Any CPU
		{DD2654E7-C46E-4112-A453-039005BBBD30}.Debug|Any CPU.ActiveCfg = Debug|Any CPU
		{DD2654E7-C46E-4112-A453-039005BBBD30}.Debug|Any CPU.Build.0 = Debug|Any CPU
		{DD2654E7-C46E-4112-A453-039005BBBD30}.Release|Any CPU.ActiveCfg = Release|Any CPU
		{DD2654E7-C46E-4112-A453-039005BBBD30}.Release|Any CPU.Build.0 = Release|Any CPU
		{AF40C49F-2AD3-436D-B730-41F5F931D1CA}.Debug|Any CPU.ActiveCfg = Debug|Any CPU
		{AF40C49F-2AD3-436D-B730-41F5F931D1CA}.Debug|Any CPU.Build.0 = Debug|Any CPU
		{AF40C49F-2AD3-436D-B730-41F5F931D1CA}.Release|Any CPU.ActiveCfg = Release|Any CPU
		{AF40C49F-2AD3-436D-B730-41F5F931D1CA}.Release|Any CPU.Build.0 = Release|Any CPU
		{30B28AC2-8CB0-45D7-AD5A-51914178971E}.Debug|Any CPU.ActiveCfg = Debug|Any CPU
		{30B28AC2-8CB0-45D7-AD5A-51914178971E}.Debug|Any CPU.Build.0 = Debug|Any CPU
		{30B28AC2-8CB0-45D7-AD5A-51914178971E}.Release|Any CPU.ActiveCfg = Release|Any CPU
		{30B28AC2-8CB0-45D7-AD5A-51914178971E}.Release|Any CPU.Build.0 = Release|Any CPU
		{466D04A7-5091-4749-81DE-1368B700387C}.Debug|Any CPU.ActiveCfg = Debug|Any CPU
		{466D04A7-5091-4749-81DE-1368B700387C}.Debug|Any CPU.Build.0 = Debug|Any CPU
		{466D04A7-5091-4749-81DE-1368B700387C}.Release|Any CPU.ActiveCfg = Release|Any CPU
		{466D04A7-5091-4749-81DE-1368B700387C}.Release|Any CPU.Build.0 = Release|Any CPU
		{6B77774B-52DB-43BF-BE14-7D43F87B1878}.Debug|Any CPU.ActiveCfg = Debug|Any CPU
		{6B77774B-52DB-43BF-BE14-7D43F87B1878}.Debug|Any CPU.Build.0 = Debug|Any CPU
		{6B77774B-52DB-43BF-BE14-7D43F87B1878}.Release|Any CPU.ActiveCfg = Release|Any CPU
		{6B77774B-52DB-43BF-BE14-7D43F87B1878}.Release|Any CPU.Build.0 = Release|Any CPU
		{744DA0F0-87B2-438A-A729-BAED65C9B780}.Debug|Any CPU.ActiveCfg = Debug|Any CPU
		{744DA0F0-87B2-438A-A729-BAED65C9B780}.Debug|Any CPU.Build.0 = Debug|Any CPU
		{744DA0F0-87B2-438A-A729-BAED65C9B780}.Release|Any CPU.ActiveCfg = Release|Any CPU
		{744DA0F0-87B2-438A-A729-BAED65C9B780}.Release|Any CPU.Build.0 = Release|Any CPU
		{F048C862-4F52-456A-8162-6C18695D6BEB}.Debug|Any CPU.ActiveCfg = Debug|Any CPU
		{F048C862-4F52-456A-8162-6C18695D6BEB}.Debug|Any CPU.Build.0 = Debug|Any CPU
		{F048C862-4F52-456A-8162-6C18695D6BEB}.Release|Any CPU.ActiveCfg = Release|Any CPU
		{F048C862-4F52-456A-8162-6C18695D6BEB}.Release|Any CPU.Build.0 = Release|Any CPU
		{03C8FE01-EDEA-4396-9A2B-8FC52B4143C4}.Debug|Any CPU.ActiveCfg = Debug|Any CPU
		{03C8FE01-EDEA-4396-9A2B-8FC52B4143C4}.Debug|Any CPU.Build.0 = Debug|Any CPU
		{03C8FE01-EDEA-4396-9A2B-8FC52B4143C4}.Release|Any CPU.ActiveCfg = Release|Any CPU
		{03C8FE01-EDEA-4396-9A2B-8FC52B4143C4}.Release|Any CPU.Build.0 = Release|Any CPU
		{1D42FA18-B5E6-48DF-AE55-2D9FBD8DF1B4}.Debug|Any CPU.ActiveCfg = Debug|Any CPU
		{1D42FA18-B5E6-48DF-AE55-2D9FBD8DF1B4}.Debug|Any CPU.Build.0 = Debug|Any CPU
		{1D42FA18-B5E6-48DF-AE55-2D9FBD8DF1B4}.Release|Any CPU.ActiveCfg = Release|Any CPU
		{1D42FA18-B5E6-48DF-AE55-2D9FBD8DF1B4}.Release|Any CPU.Build.0 = Release|Any CPU
		{0268A80E-1AFF-4726-AF95-E09A08A497AD}.Debug|Any CPU.ActiveCfg = Debug|Any CPU
		{0268A80E-1AFF-4726-AF95-E09A08A497AD}.Debug|Any CPU.Build.0 = Debug|Any CPU
		{0268A80E-1AFF-4726-AF95-E09A08A497AD}.Release|Any CPU.ActiveCfg = Release|Any CPU
		{0268A80E-1AFF-4726-AF95-E09A08A497AD}.Release|Any CPU.Build.0 = Release|Any CPU
		{754EAA8C-D40E-4539-B9C1-A37205415249}.Debug|Any CPU.ActiveCfg = Debug|Any CPU
		{754EAA8C-D40E-4539-B9C1-A37205415249}.Debug|Any CPU.Build.0 = Debug|Any CPU
		{754EAA8C-D40E-4539-B9C1-A37205415249}.Release|Any CPU.ActiveCfg = Release|Any CPU
		{754EAA8C-D40E-4539-B9C1-A37205415249}.Release|Any CPU.Build.0 = Release|Any CPU
		{2595ECFF-BBF0-4AF8-A4BC-64C77D43EC0A}.Debug|Any CPU.ActiveCfg = Debug|Any CPU
		{2595ECFF-BBF0-4AF8-A4BC-64C77D43EC0A}.Debug|Any CPU.Build.0 = Debug|Any CPU
		{2595ECFF-BBF0-4AF8-A4BC-64C77D43EC0A}.Release|Any CPU.ActiveCfg = Release|Any CPU
		{2595ECFF-BBF0-4AF8-A4BC-64C77D43EC0A}.Release|Any CPU.Build.0 = Release|Any CPU
		{BBA49649-31BA-46E6-8C07-82F54F423EFD}.Debug|Any CPU.ActiveCfg = Debug|Any CPU
		{BBA49649-31BA-46E6-8C07-82F54F423EFD}.Debug|Any CPU.Build.0 = Debug|Any CPU
		{BBA49649-31BA-46E6-8C07-82F54F423EFD}.Release|Any CPU.ActiveCfg = Release|Any CPU
		{BBA49649-31BA-46E6-8C07-82F54F423EFD}.Release|Any CPU.Build.0 = Release|Any CPU
		{1D7E947D-BC5C-478E-9B05-00AAAFB5B4B7}.Debug|Any CPU.ActiveCfg = Debug|Any CPU
		{1D7E947D-BC5C-478E-9B05-00AAAFB5B4B7}.Debug|Any CPU.Build.0 = Debug|Any CPU
		{1D7E947D-BC5C-478E-9B05-00AAAFB5B4B7}.Release|Any CPU.ActiveCfg = Release|Any CPU
		{1D7E947D-BC5C-478E-9B05-00AAAFB5B4B7}.Release|Any CPU.Build.0 = Release|Any CPU
		{67BCA632-8340-4F22-902F-C8AB66B62EB2}.Debug|Any CPU.ActiveCfg = Debug|Any CPU
		{67BCA632-8340-4F22-902F-C8AB66B62EB2}.Debug|Any CPU.Build.0 = Debug|Any CPU
		{67BCA632-8340-4F22-902F-C8AB66B62EB2}.Release|Any CPU.ActiveCfg = Release|Any CPU
		{67BCA632-8340-4F22-902F-C8AB66B62EB2}.Release|Any CPU.Build.0 = Release|Any CPU
		{0F5B91B4-C98B-4A74-BDE1-1CE7B84D4693}.Debug|Any CPU.ActiveCfg = Debug|Any CPU
		{0F5B91B4-C98B-4A74-BDE1-1CE7B84D4693}.Debug|Any CPU.Build.0 = Debug|Any CPU
		{0F5B91B4-C98B-4A74-BDE1-1CE7B84D4693}.Release|Any CPU.ActiveCfg = Release|Any CPU
		{0F5B91B4-C98B-4A74-BDE1-1CE7B84D4693}.Release|Any CPU.Build.0 = Release|Any CPU
		{5C7A1141-89EB-473A-8595-C6C8DBF7F233}.Debug|Any CPU.ActiveCfg = Debug|Any CPU
		{5C7A1141-89EB-473A-8595-C6C8DBF7F233}.Debug|Any CPU.Build.0 = Debug|Any CPU
		{5C7A1141-89EB-473A-8595-C6C8DBF7F233}.Release|Any CPU.ActiveCfg = Release|Any CPU
		{5C7A1141-89EB-473A-8595-C6C8DBF7F233}.Release|Any CPU.Build.0 = Release|Any CPU
		{5B117C1F-88F6-4B06-9ADE-C39A47EFAF58}.Debug|Any CPU.ActiveCfg = Debug|Any CPU
		{5B117C1F-88F6-4B06-9ADE-C39A47EFAF58}.Debug|Any CPU.Build.0 = Debug|Any CPU
		{5B117C1F-88F6-4B06-9ADE-C39A47EFAF58}.Release|Any CPU.ActiveCfg = Release|Any CPU
		{5B117C1F-88F6-4B06-9ADE-C39A47EFAF58}.Release|Any CPU.Build.0 = Release|Any CPU
		{AF49ADB4-B36C-476B-AF0C-BC9277FFA8AF}.Debug|Any CPU.ActiveCfg = Debug|Any CPU
		{AF49ADB4-B36C-476B-AF0C-BC9277FFA8AF}.Debug|Any CPU.Build.0 = Debug|Any CPU
		{AF49ADB4-B36C-476B-AF0C-BC9277FFA8AF}.Release|Any CPU.ActiveCfg = Release|Any CPU
		{AF49ADB4-B36C-476B-AF0C-BC9277FFA8AF}.Release|Any CPU.Build.0 = Release|Any CPU
	EndGlobalSection
	GlobalSection(SolutionProperties) = preSolution
		HideSolutionNode = FALSE
	EndGlobalSection
	GlobalSection(NestedProjects) = preSolution
		{221AA4A6-F48E-4605-90FC-ACCE31C9397D} = {6B5137B3-F21C-483E-B131-54706EE91D55}
		{B0353BF9-2018-48B0-AEA5-4FC3A5225F93} = {221AA4A6-F48E-4605-90FC-ACCE31C9397D}
		{DD2654E7-C46E-4112-A453-039005BBBD30} = {221AA4A6-F48E-4605-90FC-ACCE31C9397D}
		{AF40C49F-2AD3-436D-B730-41F5F931D1CA} = {221AA4A6-F48E-4605-90FC-ACCE31C9397D}
		{30B28AC2-8CB0-45D7-AD5A-51914178971E} = {221AA4A6-F48E-4605-90FC-ACCE31C9397D}
		{466D04A7-5091-4749-81DE-1368B700387C} = {221AA4A6-F48E-4605-90FC-ACCE31C9397D}
		{6B77774B-52DB-43BF-BE14-7D43F87B1878} = {221AA4A6-F48E-4605-90FC-ACCE31C9397D}
		{1910940D-D140-4B3F-A2F5-6D322EFAC152} = {6B5137B3-F21C-483E-B131-54706EE91D55}
		{744DA0F0-87B2-438A-A729-BAED65C9B780} = {1910940D-D140-4B3F-A2F5-6D322EFAC152}
		{40E199E8-B4F0-4E38-9431-BAAD775F1FCD} = {6B5137B3-F21C-483E-B131-54706EE91D55}
		{F048C862-4F52-456A-8162-6C18695D6BEB} = {40E199E8-B4F0-4E38-9431-BAAD775F1FCD}
		{03C8FE01-EDEA-4396-9A2B-8FC52B4143C4} = {40E199E8-B4F0-4E38-9431-BAAD775F1FCD}
		{1D42FA18-B5E6-48DF-AE55-2D9FBD8DF1B4} = {40E199E8-B4F0-4E38-9431-BAAD775F1FCD}
		{628E8BC1-C04D-4681-90A3-5CD4DF6A4003} = {6B5137B3-F21C-483E-B131-54706EE91D55}
		{0268A80E-1AFF-4726-AF95-E09A08A497AD} = {628E8BC1-C04D-4681-90A3-5CD4DF6A4003}
		{754EAA8C-D40E-4539-B9C1-A37205415249} = {628E8BC1-C04D-4681-90A3-5CD4DF6A4003}
		{2595ECFF-BBF0-4AF8-A4BC-64C77D43EC0A} = {628E8BC1-C04D-4681-90A3-5CD4DF6A4003}
		{BBA49649-31BA-46E6-8C07-82F54F423EFD} = {628E8BC1-C04D-4681-90A3-5CD4DF6A4003}
		{1D7E947D-BC5C-478E-9B05-00AAAFB5B4B7} = {628E8BC1-C04D-4681-90A3-5CD4DF6A4003}
		{67BCA632-8340-4F22-902F-C8AB66B62EB2} = {628E8BC1-C04D-4681-90A3-5CD4DF6A4003}
		{CCFF169C-5913-4709-B3A9-CC543DB7E1FD} = {6B5137B3-F21C-483E-B131-54706EE91D55}
		{0F5B91B4-C98B-4A74-BDE1-1CE7B84D4693} = {CCFF169C-5913-4709-B3A9-CC543DB7E1FD}
		{271A2AA2-3F44-4050-8A2C-92B2E4D6D1FF} = {6B5137B3-F21C-483E-B131-54706EE91D55}
		{5C7A1141-89EB-473A-8595-C6C8DBF7F233} = {271A2AA2-3F44-4050-8A2C-92B2E4D6D1FF}
		{5B117C1F-88F6-4B06-9ADE-C39A47EFAF58} = {221AA4A6-F48E-4605-90FC-ACCE31C9397D}
		{4D85A86A-821A-4F93-B525-E3C22360EFC1} = {6B5137B3-F21C-483E-B131-54706EE91D55}
		{AF49ADB4-B36C-476B-AF0C-BC9277FFA8AF} = {4D85A86A-821A-4F93-B525-E3C22360EFC1}
	EndGlobalSection
	GlobalSection(ExtensibilityGlobals) = postSolution
		SolutionGuid = {9C409BB4-536D-4DA4-8127-17F75A5B4330}
	EndGlobalSection
EndGlobal
